// !$*UTF8*$!
{
	archiveVersion = 1;
	classes = {
	};
	objectVersion = 46;
	objects = {

/* Begin PBXBuildFile section */
		627C7D2A1CA1EBC10041A9DF /* BetableCredentials.h in Headers */ = {isa = PBXBuildFile; fileRef = 627C7D281CA1EBC10041A9DF /* BetableCredentials.h */; settings = {ATTRIBUTES = (Public, ); }; };
		627C7D2B1CA1EBC10041A9DF /* BetableCredentials.m in Sources */ = {isa = PBXBuildFile; fileRef = 627C7D291CA1EBC10041A9DF /* BetableCredentials.m */; };
		A50FD7F5194A6F8F00B34A40 /* iAd.framework in Frameworks */ = {isa = PBXBuildFile; fileRef = A50FD7F4194A6F8F00B34A40 /* iAd.framework */; };
		A50FD7F7194A6F9500B34A40 /* AdSupport.framework in Frameworks */ = {isa = PBXBuildFile; fileRef = A50FD7F6194A6F9500B34A40 /* AdSupport.framework */; };
		A5839633194B767F00AF0E8E /* BetableProfile.m in Sources */ = {isa = PBXBuildFile; fileRef = A5839626194B767F00AF0E8E /* BetableProfile.m */; };
		A5839634194B767F00AF0E8E /* BetableBatchRequest.m in Sources */ = {isa = PBXBuildFile; fileRef = A5839627194B767F00AF0E8E /* BetableBatchRequest.m */; };
		A5839635194B767F00AF0E8E /* BetableProfile.h in Headers */ = {isa = PBXBuildFile; fileRef = A5839628194B767F00AF0E8E /* BetableProfile.h */; settings = {ATTRIBUTES = (Public, ); }; };
		A5839636194B767F00AF0E8E /* BetableBatchRequest.h in Headers */ = {isa = PBXBuildFile; fileRef = A5839629194B767F00AF0E8E /* BetableBatchRequest.h */; settings = {ATTRIBUTES = (Public, ); }; };
		A5839637194B767F00AF0E8E /* BetableHandlers.h in Headers */ = {isa = PBXBuildFile; fileRef = A583962A194B767F00AF0E8E /* BetableHandlers.h */; settings = {ATTRIBUTES = (Public, ); }; };
		A5839638194B767F00AF0E8E /* betable_player.png in Resources */ = {isa = PBXBuildFile; fileRef = A583962B194B767F00AF0E8E /* betable_player.png */; };
		A5839639194B767F00AF0E8E /* betable_player@2x.png in Resources */ = {isa = PBXBuildFile; fileRef = A583962C194B767F00AF0E8E /* betable_player@2x.png */; };
		A5839643194B76E700AF0E8E /* NSDictionary+Betable.h in Headers */ = {isa = PBXBuildFile; fileRef = A5839641194B76E700AF0E8E /* NSDictionary+Betable.h */; settings = {ATTRIBUTES = (Public, ); }; };
		A5839644194B76E700AF0E8E /* NSDictionary+Betable.m in Sources */ = {isa = PBXBuildFile; fileRef = A5839642194B76E700AF0E8E /* NSDictionary+Betable.m */; };
		A5839647194B777C00AF0E8E /* Betable.h in Headers */ = {isa = PBXBuildFile; fileRef = A5839645194B777C00AF0E8E /* Betable.h */; settings = {ATTRIBUTES = (Public, ); }; };
		A5839648194B777C00AF0E8E /* Betable.m in Sources */ = {isa = PBXBuildFile; fileRef = A5839646194B777C00AF0E8E /* Betable.m */; };
		A583964B194B779700AF0E8E /* BetableWebViewController.h in Headers */ = {isa = PBXBuildFile; fileRef = A5839649194B779700AF0E8E /* BetableWebViewController.h */; settings = {ATTRIBUTES = (Public, ); }; };
		A583964C194B779700AF0E8E /* BetableWebViewController.m in Sources */ = {isa = PBXBuildFile; fileRef = A583964A194B779700AF0E8E /* BetableWebViewController.m */; };
		A5839651194BA6E300AF0E8E /* NSString+Betable.h in Headers */ = {isa = PBXBuildFile; fileRef = A583964F194BA6E300AF0E8E /* NSString+Betable.h */; settings = {ATTRIBUTES = (Public, ); }; };
		A5839652194BA6E300AF0E8E /* NSString+Betable.m in Sources */ = {isa = PBXBuildFile; fileRef = A5839650194BA6E300AF0E8E /* NSString+Betable.m */; };
		A59ABF19194913D3005466CC /* Foundation.framework in Frameworks */ = {isa = PBXBuildFile; fileRef = A59ABF18194913D3005466CC /* Foundation.framework */; };
		A59ABF1F194913D3005466CC /* InfoPlist.strings in Resources */ = {isa = PBXBuildFile; fileRef = A59ABF1D194913D3005466CC /* InfoPlist.strings */; };
		A59ABF471949147C005466CC /* BetableTracking.h in Headers */ = {isa = PBXBuildFile; fileRef = A59ABF411949147C005466CC /* BetableTracking.h */; settings = {ATTRIBUTES = (Public, ); }; };
		A59ABF481949147C005466CC /* BetableTracking.m in Sources */ = {isa = PBXBuildFile; fileRef = A59ABF421949147C005466CC /* BetableTracking.m */; };
		A59ABF491949147C005466CC /* BetableTrackingUtil.h in Headers */ = {isa = PBXBuildFile; fileRef = A59ABF431949147C005466CC /* BetableTrackingUtil.h */; settings = {ATTRIBUTES = (Public, ); }; };
		A59ABF4A1949147C005466CC /* BetableTrackingUtil.m in Sources */ = {isa = PBXBuildFile; fileRef = A59ABF441949147C005466CC /* BetableTrackingUtil.m */; };
		A59ABF4B1949147C005466CC /* BetableTrackingHistory.h in Headers */ = {isa = PBXBuildFile; fileRef = A59ABF451949147C005466CC /* BetableTrackingHistory.h */; settings = {ATTRIBUTES = (Public, ); }; };
		A59ABF4C1949147C005466CC /* BetableTrackingHistory.m in Sources */ = {isa = PBXBuildFile; fileRef = A59ABF461949147C005466CC /* BetableTrackingHistory.m */; };
		A59ABF5519491484005466CC /* NSData+BetableTracking.h in Headers */ = {isa = PBXBuildFile; fileRef = A59ABF4D19491484005466CC /* NSData+BetableTracking.h */; settings = {ATTRIBUTES = (Public, ); }; };
		A59ABF5619491484005466CC /* NSData+BetableTracking.m in Sources */ = {isa = PBXBuildFile; fileRef = A59ABF4E19491484005466CC /* NSData+BetableTracking.m */; };
		A59ABF5719491484005466CC /* NSString+BetableTracking.h in Headers */ = {isa = PBXBuildFile; fileRef = A59ABF4F19491484005466CC /* NSString+BetableTracking.h */; settings = {ATTRIBUTES = (Public, ); }; };
		A59ABF5819491484005466CC /* NSString+BetableTracking.m in Sources */ = {isa = PBXBuildFile; fileRef = A59ABF5019491484005466CC /* NSString+BetableTracking.m */; };
		A59ABF5919491484005466CC /* UIDevice+BetableTracking.h in Headers */ = {isa = PBXBuildFile; fileRef = A59ABF5119491484005466CC /* UIDevice+BetableTracking.h */; settings = {ATTRIBUTES = (Public, ); }; };
		A59ABF5A19491484005466CC /* UIDevice+BetableTracking.m in Sources */ = {isa = PBXBuildFile; fileRef = A59ABF5219491484005466CC /* UIDevice+BetableTracking.m */; };
		A59ABF5B19491484005466CC /* NSDictionary+BetableTracking.h in Headers */ = {isa = PBXBuildFile; fileRef = A59ABF5319491484005466CC /* NSDictionary+BetableTracking.h */; settings = {ATTRIBUTES = (Public, ); }; };
		A59ABF5C19491484005466CC /* NSDictionary+BetableTracking.m in Sources */ = {isa = PBXBuildFile; fileRef = A59ABF5419491484005466CC /* NSDictionary+BetableTracking.m */; };
		A59ABF5E1949148C005466CC /* LoadableCategory.h in Headers */ = {isa = PBXBuildFile; fileRef = A59ABF5D1949148C005466CC /* LoadableCategory.h */; };
		A5B102321954B23800D3F01F /* STKeychain.m in Sources */ = {isa = PBXBuildFile; fileRef = A5B102301954B23800D3F01F /* STKeychain.m */; settings = {COMPILER_FLAGS = "-fno-objc-arc"; }; };
		A5B102331954B23800D3F01F /* STKeychain.h in Headers */ = {isa = PBXBuildFile; fileRef = A5B102311954B23800D3F01F /* STKeychain.h */; settings = {ATTRIBUTES = (Public, ); }; };
		A5B2DCC01952193000276224 /* BetableUtils.h in Headers */ = {isa = PBXBuildFile; fileRef = A5B2DCBE1952193000276224 /* BetableUtils.h */; settings = {ATTRIBUTES = (Public, ); }; };
		A5B2DCC11952193000276224 /* BetableUtils.m in Sources */ = {isa = PBXBuildFile; fileRef = A5B2DCBF1952193000276224 /* BetableUtils.m */; };
/* End PBXBuildFile section */

/* Begin PBXFileReference section */
		627C7D281CA1EBC10041A9DF /* BetableCredentials.h */ = {isa = PBXFileReference; fileEncoding = 4; lastKnownFileType = sourcecode.c.h; path = BetableCredentials.h; sourceTree = "<group>"; };
		627C7D291CA1EBC10041A9DF /* BetableCredentials.m */ = {isa = PBXFileReference; fileEncoding = 4; lastKnownFileType = sourcecode.c.objc; path = BetableCredentials.m; sourceTree = "<group>"; };
		A50FD7F4194A6F8F00B34A40 /* iAd.framework */ = {isa = PBXFileReference; lastKnownFileType = wrapper.framework; name = iAd.framework; path = System/Library/Frameworks/iAd.framework; sourceTree = SDKROOT; };
		A50FD7F6194A6F9500B34A40 /* AdSupport.framework */ = {isa = PBXFileReference; lastKnownFileType = wrapper.framework; name = AdSupport.framework; path = System/Library/Frameworks/AdSupport.framework; sourceTree = SDKROOT; };
		A5839626194B767F00AF0E8E /* BetableProfile.m */ = {isa = PBXFileReference; fileEncoding = 4; lastKnownFileType = sourcecode.c.objc; path = BetableProfile.m; sourceTree = "<group>"; };
		A5839627194B767F00AF0E8E /* BetableBatchRequest.m */ = {isa = PBXFileReference; fileEncoding = 4; lastKnownFileType = sourcecode.c.objc; path = BetableBatchRequest.m; sourceTree = "<group>"; };
		A5839628194B767F00AF0E8E /* BetableProfile.h */ = {isa = PBXFileReference; fileEncoding = 4; lastKnownFileType = sourcecode.c.h; path = BetableProfile.h; sourceTree = "<group>"; };
		A5839629194B767F00AF0E8E /* BetableBatchRequest.h */ = {isa = PBXFileReference; fileEncoding = 4; lastKnownFileType = sourcecode.c.h; path = BetableBatchRequest.h; sourceTree = "<group>"; };
		A583962A194B767F00AF0E8E /* BetableHandlers.h */ = {isa = PBXFileReference; fileEncoding = 4; lastKnownFileType = sourcecode.c.h; path = BetableHandlers.h; sourceTree = "<group>"; };
		A583962B194B767F00AF0E8E /* betable_player.png */ = {isa = PBXFileReference; lastKnownFileType = image.png; path = betable_player.png; sourceTree = "<group>"; };
		A583962C194B767F00AF0E8E /* betable_player@2x.png */ = {isa = PBXFileReference; lastKnownFileType = image.png; path = "betable_player@2x.png"; sourceTree = "<group>"; };
		A5839641194B76E700AF0E8E /* NSDictionary+Betable.h */ = {isa = PBXFileReference; fileEncoding = 4; lastKnownFileType = sourcecode.c.h; path = "NSDictionary+Betable.h"; sourceTree = "<group>"; };
		A5839642194B76E700AF0E8E /* NSDictionary+Betable.m */ = {isa = PBXFileReference; fileEncoding = 4; lastKnownFileType = sourcecode.c.objc; path = "NSDictionary+Betable.m"; sourceTree = "<group>"; };
		A5839645194B777C00AF0E8E /* Betable.h */ = {isa = PBXFileReference; fileEncoding = 4; lastKnownFileType = sourcecode.c.h; path = Betable.h; sourceTree = "<group>"; };
		A5839646194B777C00AF0E8E /* Betable.m */ = {isa = PBXFileReference; fileEncoding = 4; lastKnownFileType = sourcecode.c.objc; path = Betable.m; sourceTree = "<group>"; };
		A5839649194B779700AF0E8E /* BetableWebViewController.h */ = {isa = PBXFileReference; fileEncoding = 4; lastKnownFileType = sourcecode.c.h; path = BetableWebViewController.h; sourceTree = "<group>"; };
		A583964A194B779700AF0E8E /* BetableWebViewController.m */ = {isa = PBXFileReference; fileEncoding = 4; lastKnownFileType = sourcecode.c.objc; path = BetableWebViewController.m; sourceTree = "<group>"; };
		A583964F194BA6E300AF0E8E /* NSString+Betable.h */ = {isa = PBXFileReference; fileEncoding = 4; lastKnownFileType = sourcecode.c.h; path = "NSString+Betable.h"; sourceTree = "<group>"; };
		A5839650194BA6E300AF0E8E /* NSString+Betable.m */ = {isa = PBXFileReference; fileEncoding = 4; lastKnownFileType = sourcecode.c.objc; path = "NSString+Betable.m"; sourceTree = "<group>"; };
		A59ABF15194913D3005466CC /* Betable.framework */ = {isa = PBXFileReference; explicitFileType = wrapper.framework.static; includeInIndex = 0; path = Betable.framework; sourceTree = BUILT_PRODUCTS_DIR; };
		A59ABF18194913D3005466CC /* Foundation.framework */ = {isa = PBXFileReference; lastKnownFileType = wrapper.framework; name = Foundation.framework; path = System/Library/Frameworks/Foundation.framework; sourceTree = SDKROOT; };
		A59ABF1C194913D3005466CC /* Betable.Framework-Info.plist */ = {isa = PBXFileReference; lastKnownFileType = text.plist.xml; path = "Betable.Framework-Info.plist"; sourceTree = "<group>"; };
		A59ABF1E194913D3005466CC /* en */ = {isa = PBXFileReference; lastKnownFileType = text.plist.strings; name = en; path = en.lproj/InfoPlist.strings; sourceTree = "<group>"; };
		A59ABF20194913D3005466CC /* Betable.Framework-Prefix.pch */ = {isa = PBXFileReference; lastKnownFileType = sourcecode.c.h; path = "Betable.Framework-Prefix.pch"; sourceTree = "<group>"; };
		A59ABF411949147C005466CC /* BetableTracking.h */ = {isa = PBXFileReference; fileEncoding = 4; lastKnownFileType = sourcecode.c.h; path = BetableTracking.h; sourceTree = "<group>"; };
		A59ABF421949147C005466CC /* BetableTracking.m */ = {isa = PBXFileReference; fileEncoding = 4; lastKnownFileType = sourcecode.c.objc; path = BetableTracking.m; sourceTree = "<group>"; };
		A59ABF431949147C005466CC /* BetableTrackingUtil.h */ = {isa = PBXFileReference; fileEncoding = 4; lastKnownFileType = sourcecode.c.h; path = BetableTrackingUtil.h; sourceTree = "<group>"; };
		A59ABF441949147C005466CC /* BetableTrackingUtil.m */ = {isa = PBXFileReference; fileEncoding = 4; lastKnownFileType = sourcecode.c.objc; path = BetableTrackingUtil.m; sourceTree = "<group>"; };
		A59ABF451949147C005466CC /* BetableTrackingHistory.h */ = {isa = PBXFileReference; fileEncoding = 4; lastKnownFileType = sourcecode.c.h; path = BetableTrackingHistory.h; sourceTree = "<group>"; };
		A59ABF461949147C005466CC /* BetableTrackingHistory.m */ = {isa = PBXFileReference; fileEncoding = 4; lastKnownFileType = sourcecode.c.objc; path = BetableTrackingHistory.m; sourceTree = "<group>"; };
		A59ABF4D19491484005466CC /* NSData+BetableTracking.h */ = {isa = PBXFileReference; fileEncoding = 4; lastKnownFileType = sourcecode.c.h; path = "NSData+BetableTracking.h"; sourceTree = "<group>"; };
		A59ABF4E19491484005466CC /* NSData+BetableTracking.m */ = {isa = PBXFileReference; fileEncoding = 4; lastKnownFileType = sourcecode.c.objc; path = "NSData+BetableTracking.m"; sourceTree = "<group>"; };
		A59ABF4F19491484005466CC /* NSString+BetableTracking.h */ = {isa = PBXFileReference; fileEncoding = 4; lastKnownFileType = sourcecode.c.h; path = "NSString+BetableTracking.h"; sourceTree = "<group>"; };
		A59ABF5019491484005466CC /* NSString+BetableTracking.m */ = {isa = PBXFileReference; fileEncoding = 4; lastKnownFileType = sourcecode.c.objc; path = "NSString+BetableTracking.m"; sourceTree = "<group>"; };
		A59ABF5119491484005466CC /* UIDevice+BetableTracking.h */ = {isa = PBXFileReference; fileEncoding = 4; lastKnownFileType = sourcecode.c.h; path = "UIDevice+BetableTracking.h"; sourceTree = "<group>"; };
		A59ABF5219491484005466CC /* UIDevice+BetableTracking.m */ = {isa = PBXFileReference; fileEncoding = 4; lastKnownFileType = sourcecode.c.objc; path = "UIDevice+BetableTracking.m"; sourceTree = "<group>"; };
		A59ABF5319491484005466CC /* NSDictionary+BetableTracking.h */ = {isa = PBXFileReference; fileEncoding = 4; lastKnownFileType = sourcecode.c.h; path = "NSDictionary+BetableTracking.h"; sourceTree = "<group>"; };
		A59ABF5419491484005466CC /* NSDictionary+BetableTracking.m */ = {isa = PBXFileReference; fileEncoding = 4; lastKnownFileType = sourcecode.c.objc; path = "NSDictionary+BetableTracking.m"; sourceTree = "<group>"; };
		A59ABF5D1949148C005466CC /* LoadableCategory.h */ = {isa = PBXFileReference; fileEncoding = 4; lastKnownFileType = sourcecode.c.h; path = LoadableCategory.h; sourceTree = "<group>"; };
		A5B102301954B23800D3F01F /* STKeychain.m */ = {isa = PBXFileReference; fileEncoding = 4; lastKnownFileType = sourcecode.c.objc; path = STKeychain.m; sourceTree = "<group>"; };
		A5B102311954B23800D3F01F /* STKeychain.h */ = {isa = PBXFileReference; fileEncoding = 4; lastKnownFileType = sourcecode.c.h; path = STKeychain.h; sourceTree = "<group>"; };
		A5B2DCBE1952193000276224 /* BetableUtils.h */ = {isa = PBXFileReference; fileEncoding = 4; lastKnownFileType = sourcecode.c.h; path = BetableUtils.h; sourceTree = "<group>"; };
		A5B2DCBF1952193000276224 /* BetableUtils.m */ = {isa = PBXFileReference; fileEncoding = 4; lastKnownFileType = sourcecode.c.objc; path = BetableUtils.m; sourceTree = "<group>"; };
/* End PBXFileReference section */

/* Begin PBXFrameworksBuildPhase section */
		A59ABF10194913D3005466CC /* Frameworks */ = {
			isa = PBXFrameworksBuildPhase;
			buildActionMask = 2147483647;
			files = (
				A50FD7F7194A6F9500B34A40 /* AdSupport.framework in Frameworks */,
				A50FD7F5194A6F8F00B34A40 /* iAd.framework in Frameworks */,
				A59ABF19194913D3005466CC /* Foundation.framework in Frameworks */,
			);
			runOnlyForDeploymentPostprocessing = 0;
		};
/* End PBXFrameworksBuildPhase section */

/* Begin PBXGroup section */
		A5839640194B76D600AF0E8E /* Additions */ = {
			isa = PBXGroup;
			children = (
				A5839641194B76E700AF0E8E /* NSDictionary+Betable.h */,
				A5839642194B76E700AF0E8E /* NSDictionary+Betable.m */,
				A583964F194BA6E300AF0E8E /* NSString+Betable.h */,
				A5839650194BA6E300AF0E8E /* NSString+Betable.m */,
			);
			name = Additions;
			sourceTree = "<group>";
		};
		A59ABF0A194913D3005466CC = {
			isa = PBXGroup;
			children = (
				A59ABF1A194913D3005466CC /* Betable */,
				A59ABF17194913D3005466CC /* Frameworks */,
				A59ABF16194913D3005466CC /* Products */,
			);
			sourceTree = "<group>";
		};
		A59ABF16194913D3005466CC /* Products */ = {
			isa = PBXGroup;
			children = (
				A59ABF15194913D3005466CC /* Betable.framework */,
			);
			name = Products;
			sourceTree = "<group>";
		};
		A59ABF17194913D3005466CC /* Frameworks */ = {
			isa = PBXGroup;
			children = (
				A50FD7F6194A6F9500B34A40 /* AdSupport.framework */,
				A50FD7F4194A6F8F00B34A40 /* iAd.framework */,
				A59ABF18194913D3005466CC /* Foundation.framework */,
			);
			name = Frameworks;
			sourceTree = "<group>";
		};
		A59ABF1A194913D3005466CC /* Betable */ = {
			isa = PBXGroup;
			children = (
				A5B102301954B23800D3F01F /* STKeychain.m */,
				A5B102311954B23800D3F01F /* STKeychain.h */,
				A5839640194B76D600AF0E8E /* Additions */,
				A5839626194B767F00AF0E8E /* BetableProfile.m */,
				627C7D281CA1EBC10041A9DF /* BetableCredentials.h */,
				627C7D291CA1EBC10041A9DF /* BetableCredentials.m */,
				A5839628194B767F00AF0E8E /* BetableProfile.h */,
				A5839627194B767F00AF0E8E /* BetableBatchRequest.m */,
				A5839629194B767F00AF0E8E /* BetableBatchRequest.h */,
				A583962A194B767F00AF0E8E /* BetableHandlers.h */,
				A583962B194B767F00AF0E8E /* betable_player.png */,
				A583962C194B767F00AF0E8E /* betable_player@2x.png */,
				A5839645194B777C00AF0E8E /* Betable.h */,
				A5839646194B777C00AF0E8E /* Betable.m */,
				A5839649194B779700AF0E8E /* BetableWebViewController.h */,
				A583964A194B779700AF0E8E /* BetableWebViewController.m */,
				A5B2DCBE1952193000276224 /* BetableUtils.h */,
				A5B2DCBF1952193000276224 /* BetableUtils.m */,
				A59ABF3F19491461005466CC /* Tracking */,
				A59ABF1B194913D3005466CC /* Supporting Files */,
			);
			path = Betable;
			sourceTree = "<group>";
		};
		A59ABF1B194913D3005466CC /* Supporting Files */ = {
			isa = PBXGroup;
			children = (
				A59ABF5D1949148C005466CC /* LoadableCategory.h */,
				A59ABF1C194913D3005466CC /* Betable.Framework-Info.plist */,
				A59ABF1D194913D3005466CC /* InfoPlist.strings */,
				A59ABF20194913D3005466CC /* Betable.Framework-Prefix.pch */,
			);
			name = "Supporting Files";
			sourceTree = "<group>";
		};
		A59ABF3F19491461005466CC /* Tracking */ = {
			isa = PBXGroup;
			children = (
				A59ABF411949147C005466CC /* BetableTracking.h */,
				A59ABF421949147C005466CC /* BetableTracking.m */,
				A59ABF431949147C005466CC /* BetableTrackingUtil.h */,
				A59ABF441949147C005466CC /* BetableTrackingUtil.m */,
				A59ABF451949147C005466CC /* BetableTrackingHistory.h */,
				A59ABF461949147C005466CC /* BetableTrackingHistory.m */,
				A59ABF4019491473005466CC /* Additions */,
			);
			name = Tracking;
			sourceTree = "<group>";
		};
		A59ABF4019491473005466CC /* Additions */ = {
			isa = PBXGroup;
			children = (
				A59ABF5319491484005466CC /* NSDictionary+BetableTracking.h */,
				A59ABF5419491484005466CC /* NSDictionary+BetableTracking.m */,
				A59ABF4D19491484005466CC /* NSData+BetableTracking.h */,
				A59ABF4E19491484005466CC /* NSData+BetableTracking.m */,
				A59ABF4F19491484005466CC /* NSString+BetableTracking.h */,
				A59ABF5019491484005466CC /* NSString+BetableTracking.m */,
				A59ABF5119491484005466CC /* UIDevice+BetableTracking.h */,
				A59ABF5219491484005466CC /* UIDevice+BetableTracking.m */,
			);
			name = Additions;
			sourceTree = "<group>";
		};
/* End PBXGroup section */

/* Begin PBXHeadersBuildPhase section */
		A59ABF11194913D3005466CC /* Headers */ = {
			isa = PBXHeadersBuildPhase;
			buildActionMask = 2147483647;
			files = (
				A59ABF5919491484005466CC /* UIDevice+BetableTracking.h in Headers */,
				A59ABF471949147C005466CC /* BetableTracking.h in Headers */,
				A59ABF4B1949147C005466CC /* BetableTrackingHistory.h in Headers */,
				A5839643194B76E700AF0E8E /* NSDictionary+Betable.h in Headers */,
				A5839637194B767F00AF0E8E /* BetableHandlers.h in Headers */,
				A583964B194B779700AF0E8E /* BetableWebViewController.h in Headers */,
				A5839635194B767F00AF0E8E /* BetableProfile.h in Headers */,
				A5839651194BA6E300AF0E8E /* NSString+Betable.h in Headers */,
				A5839647194B777C00AF0E8E /* Betable.h in Headers */,
				A5839636194B767F00AF0E8E /* BetableBatchRequest.h in Headers */,
				A5B2DCC01952193000276224 /* BetableUtils.h in Headers */,
				A5B102331954B23800D3F01F /* STKeychain.h in Headers */,
				A59ABF5719491484005466CC /* NSString+BetableTracking.h in Headers */,
				A59ABF5B19491484005466CC /* NSDictionary+BetableTracking.h in Headers */,
				A59ABF5519491484005466CC /* NSData+BetableTracking.h in Headers */,
				627C7D2A1CA1EBC10041A9DF /* BetableCredentials.h in Headers */,
				A59ABF491949147C005466CC /* BetableTrackingUtil.h in Headers */,
				A59ABF5E1949148C005466CC /* LoadableCategory.h in Headers */,
			);
			runOnlyForDeploymentPostprocessing = 0;
		};
/* End PBXHeadersBuildPhase section */

/* Begin PBXNativeTarget section */
		A59ABF14194913D3005466CC /* Betable */ = {
			isa = PBXNativeTarget;
			buildConfigurationList = A59ABF26194913D3005466CC /* Build configuration list for PBXNativeTarget "Betable" */;
			buildPhases = (
				A59ABF0F194913D3005466CC /* Sources */,
				A59ABF10194913D3005466CC /* Frameworks */,
				A59ABF11194913D3005466CC /* Headers */,
				A59ABF12194913D3005466CC /* Resources */,
				A53B59C61B702AFC0036ACAB /* Run Script */,
			);
			buildRules = (
			);
			dependencies = (
			);
			name = Betable;
			productName = Betable;
			productReference = A59ABF15194913D3005466CC /* Betable.framework */;
			productType = "com.apple.product-type.framework.static";
		};
/* End PBXNativeTarget section */

/* Begin PBXProject section */
		A59ABF0B194913D3005466CC /* Project object */ = {
			isa = PBXProject;
			attributes = {
				LastUpgradeCheck = 0640;
				ORGANIZATIONNAME = betable;
			};
			buildConfigurationList = A59ABF0E194913D3005466CC /* Build configuration list for PBXProject "Betable" */;
			compatibilityVersion = "Xcode 3.2";
			developmentRegion = English;
			hasScannedForEncodings = 0;
			knownRegions = (
				en,
			);
			mainGroup = A59ABF0A194913D3005466CC;
			productRefGroup = A59ABF16194913D3005466CC /* Products */;
			projectDirPath = "";
			projectRoot = "";
			targets = (
				A59ABF14194913D3005466CC /* Betable */,
			);
		};
/* End PBXProject section */

/* Begin PBXResourcesBuildPhase section */
		A59ABF12194913D3005466CC /* Resources */ = {
			isa = PBXResourcesBuildPhase;
			buildActionMask = 2147483647;
			files = (
				A5839638194B767F00AF0E8E /* betable_player.png in Resources */,
				A59ABF1F194913D3005466CC /* InfoPlist.strings in Resources */,
				A5839639194B767F00AF0E8E /* betable_player@2x.png in Resources */,
			);
			runOnlyForDeploymentPostprocessing = 0;
		};
/* End PBXResourcesBuildPhase section */

/* Begin PBXShellScriptBuildPhase section */
		A53B59C61B702AFC0036ACAB /* Run Script */ = {
			isa = PBXShellScriptBuildPhase;
			buildActionMask = 2147483647;
			files = (
			);
			inputPaths = (
			);
			name = "Run Script";
			outputPaths = (
			);
			runOnlyForDeploymentPostprocessing = 0;
			shellPath = /bin/sh;
			shellScript = "# stolen couurtesy: http://stackoverflow.com/questions/28652650/how-to-build-cocoa-touch-framework-for-i386-and-x86-64-architecture\nUNIVERSAL_OUTPUTFOLDER=${BUILD_DIR}/${CONFIGURATION}-universal\n\nif [ \"true\" == ${ALREADYINVOKED:-false} ]\nthen\necho \"RECURSION: Detected, stopping\"\nelse\nexport ALREADYINVOKED=\"true\"\n\n# Step 1. Build Device and Simulator versions\nxcodebuild -target \"${PROJECT_NAME}\" ONLY_ACTIVE_ARCH=NO -configuration ${CONFIGURATION} -sdk iphoneos  BUILD_DIR=\"${BUILD_DIR}\" BUILD_ROOT=\"${BUILD_ROOT}\" clean build\nxcodebuild -target \"${PROJECT_NAME}\" -configuration ${CONFIGURATION} -sdk iphonesimulator ONLY_ACTIVE_ARCH=NO BUILD_DIR=\"${BUILD_DIR}\" BUILD_ROOT=\"${BUILD_ROOT}\" clean build\n\n# Step 2. Copy the framework structure (from iphoneos build) to the universal folder\ncp -R \"${BUILD_DIR}/${CONFIGURATION}-iphoneos/${PROJECT_NAME}.framework\" \"${UNIVERSAL_OUTPUTFOLDER}/\"\n\n# Step 3. Copy Swift modules (from iphonesimulator build) to the copied framework directory\n#cp -R \"${BUILD_DIR}/${CONFIGURATION}-iphonesimulator/${PROJECT_NAME}.framework/Modules/${PROJECT_NAME}.swiftmodule/.\" \"${UNIVERSAL_OUTPUTFOLDER}/${PROJECT_NAME}.framework/Modules/${PROJECT_NAME}.swiftmodule\"\n\n# Step 4. Create universal binary file using lipo and place the combined executable in the copied framework directory\nlipo -create -output \"${UNIVERSAL_OUTPUTFOLDER}/${PROJECT_NAME}.framework/${PROJECT_NAME}\" \"${BUILD_DIR}/${CONFIGURATION}-iphonesimulator/${PROJECT_NAME}.framework/${PROJECT_NAME}\" \"${BUILD_DIR}/${CONFIGURATION}-iphoneos/${PROJECT_NAME}.framework/${PROJECT_NAME}\"\n\n# Step 5. Convenience step to copy the framework to the project's directory\ncp -R \"${UNIVERSAL_OUTPUTFOLDER}/${PROJECT_NAME}.framework\" \"${PROJECT_DIR}\"\n\n# Step 6. Convenience step to open the project's directory in Finder\nopen \"${PROJECT_DIR}\"\n\nfi\n";
		};
/* End PBXShellScriptBuildPhase section */

/* Begin PBXSourcesBuildPhase section */
		A59ABF0F194913D3005466CC /* Sources */ = {
			isa = PBXSourcesBuildPhase;
			buildActionMask = 2147483647;
			files = (
				A59ABF5C19491484005466CC /* NSDictionary+BetableTracking.m in Sources */,
				A59ABF4C1949147C005466CC /* BetableTrackingHistory.m in Sources */,
				A59ABF5619491484005466CC /* NSData+BetableTracking.m in Sources */,
				A5839634194B767F00AF0E8E /* BetableBatchRequest.m in Sources */,
				A5839633194B767F00AF0E8E /* BetableProfile.m in Sources */,
				A5B2DCC11952193000276224 /* BetableUtils.m in Sources */,
				A59ABF5819491484005466CC /* NSString+BetableTracking.m in Sources */,
				A5839648194B777C00AF0E8E /* Betable.m in Sources */,
				A5839644194B76E700AF0E8E /* NSDictionary+Betable.m in Sources */,
				A5839652194BA6E300AF0E8E /* NSString+Betable.m in Sources */,
				A59ABF481949147C005466CC /* BetableTracking.m in Sources */,
				A5B102321954B23800D3F01F /* STKeychain.m in Sources */,
				627C7D2B1CA1EBC10041A9DF /* BetableCredentials.m in Sources */,
				A59ABF4A1949147C005466CC /* BetableTrackingUtil.m in Sources */,
				A583964C194B779700AF0E8E /* BetableWebViewController.m in Sources */,
				A59ABF5A19491484005466CC /* UIDevice+BetableTracking.m in Sources */,
			);
			runOnlyForDeploymentPostprocessing = 0;
		};
/* End PBXSourcesBuildPhase section */

/* Begin PBXVariantGroup section */
		A59ABF1D194913D3005466CC /* InfoPlist.strings */ = {
			isa = PBXVariantGroup;
			children = (
				A59ABF1E194913D3005466CC /* en */,
			);
			name = InfoPlist.strings;
			sourceTree = "<group>";
		};
/* End PBXVariantGroup section */

/* Begin XCBuildConfiguration section */
		A59ABF24194913D3005466CC /* Debug */ = {
			isa = XCBuildConfiguration;
			buildSettings = {
				ALWAYS_SEARCH_USER_PATHS = NO;
				CLANG_CXX_LANGUAGE_STANDARD = "gnu++0x";
				CLANG_CXX_LIBRARY = "libc++";
				CLANG_ENABLE_MODULES = NO;
				CLANG_ENABLE_OBJC_ARC = YES;
				CLANG_MODULES_AUTOLINK = NO;
				CLANG_WARN_BOOL_CONVERSION = YES;
				CLANG_WARN_CONSTANT_CONVERSION = YES;
				CLANG_WARN_DIRECT_OBJC_ISA_USAGE = YES_ERROR;
				CLANG_WARN_EMPTY_BODY = YES;
				CLANG_WARN_ENUM_CONVERSION = YES;
				CLANG_WARN_INT_CONVERSION = YES;
				CLANG_WARN_OBJC_ROOT_CLASS = YES_ERROR;
				CLANG_WARN__DUPLICATE_METHOD_MATCH = YES;
				COPY_PHASE_STRIP = NO;
				GCC_C_LANGUAGE_STANDARD = gnu99;
				GCC_DYNAMIC_NO_PIC = NO;
				GCC_OPTIMIZATION_LEVEL = 0;
				GCC_PREPROCESSOR_DEFINITIONS = (
					"DEBUG=1",
					"$(inherited)",
				);
				GCC_SYMBOLS_PRIVATE_EXTERN = NO;
				GCC_WARN_64_TO_32_BIT_CONVERSION = YES;
				GCC_WARN_ABOUT_RETURN_TYPE = YES_ERROR;
				GCC_WARN_UNDECLARED_SELECTOR = YES;
				GCC_WARN_UNINITIALIZED_AUTOS = YES_AGGRESSIVE;
				GCC_WARN_UNUSED_FUNCTION = YES;
				GCC_WARN_UNUSED_VARIABLE = YES;
				IPHONEOS_DEPLOYMENT_TARGET = 5.1;
				ONLY_ACTIVE_ARCH = YES;
				SDKROOT = iphoneos;
				VALID_ARCHS = "arm64 armv7 armv7s i386 x86_64";
			};
			name = Debug;
		};
		A59ABF25194913D3005466CC /* Release */ = {
			isa = XCBuildConfiguration;
			buildSettings = {
				ALWAYS_SEARCH_USER_PATHS = NO;
				CLANG_CXX_LANGUAGE_STANDARD = "gnu++0x";
				CLANG_CXX_LIBRARY = "libc++";
				CLANG_ENABLE_MODULES = NO;
				CLANG_ENABLE_OBJC_ARC = YES;
				CLANG_MODULES_AUTOLINK = NO;
				CLANG_WARN_BOOL_CONVERSION = YES;
				CLANG_WARN_CONSTANT_CONVERSION = YES;
				CLANG_WARN_DIRECT_OBJC_ISA_USAGE = YES_ERROR;
				CLANG_WARN_EMPTY_BODY = YES;
				CLANG_WARN_ENUM_CONVERSION = YES;
				CLANG_WARN_INT_CONVERSION = YES;
				CLANG_WARN_OBJC_ROOT_CLASS = YES_ERROR;
				CLANG_WARN__DUPLICATE_METHOD_MATCH = YES;
				COPY_PHASE_STRIP = YES;
				ENABLE_NS_ASSERTIONS = NO;
				GCC_C_LANGUAGE_STANDARD = gnu99;
				GCC_WARN_64_TO_32_BIT_CONVERSION = YES;
				GCC_WARN_ABOUT_RETURN_TYPE = YES_ERROR;
				GCC_WARN_UNDECLARED_SELECTOR = YES;
				GCC_WARN_UNINITIALIZED_AUTOS = YES_AGGRESSIVE;
				GCC_WARN_UNUSED_FUNCTION = YES;
				GCC_WARN_UNUSED_VARIABLE = YES;
				IPHONEOS_DEPLOYMENT_TARGET = 5.1;
				SDKROOT = iphoneos;
				VALIDATE_PRODUCT = YES;
				VALID_ARCHS = "arm64 armv7 armv7s i386 x86_64";
			};
			name = Release;
		};
		A59ABF27194913D3005466CC /* Debug */ = {
			isa = XCBuildConfiguration;
			buildSettings = {
				CODE_SIGN_IDENTITY = "iPhone Developer";
				DYLIB_COMPATIBILITY_VERSION = 1;
				DYLIB_CURRENT_VERSION = 1;
				FRAMEWORK_VERSION = A;
				GCC_PRECOMPILE_PREFIX_HEADER = YES;
				GCC_PREFIX_HEADER = "Betable/Betable.Framework-Prefix.pch";
				INFOPLIST_FILE = "Betable/Betable.Framework-Info.plist";
				IPHONEOS_DEPLOYMENT_TARGET = 7.0;
				ONLY_ACTIVE_ARCH = NO;
				PRODUCT_NAME = "$(TARGET_NAME)";
				SKIP_INSTALL = YES;
				TARGETED_DEVICE_FAMILY = "1,2";
				VALID_ARCHS = "arm64 armv7 armv7s x86_64 i386";
				WRAPPER_EXTENSION = framework;
			};
			name = Debug;
		};
		A59ABF28194913D3005466CC /* Release */ = {
			isa = XCBuildConfiguration;
			buildSettings = {
				CODE_SIGN_IDENTITY = "iPhone Developer";
				DYLIB_COMPATIBILITY_VERSION = 1;
				DYLIB_CURRENT_VERSION = 1;
				FRAMEWORK_VERSION = A;
				GCC_PRECOMPILE_PREFIX_HEADER = YES;
				GCC_PREFIX_HEADER = "Betable/Betable.Framework-Prefix.pch";
				INFOPLIST_FILE = "Betable/Betable.Framework-Info.plist";
				IPHONEOS_DEPLOYMENT_TARGET = 7.0;
				ONLY_ACTIVE_ARCH = NO;
				PRODUCT_NAME = "$(TARGET_NAME)";
				SKIP_INSTALL = YES;
				TARGETED_DEVICE_FAMILY = "1,2";
				VALID_ARCHS = "arm64 armv7 armv7s x86_64 i386";
				WRAPPER_EXTENSION = framework;
			};
			name = Release;
		};
/* End XCBuildConfiguration section */

/* Begin XCConfigurationList section */
		A59ABF0E194913D3005466CC /* Build configuration list for PBXProject "Betable" */ = {
			isa = XCConfigurationList;
			buildConfigurations = (
				A59ABF24194913D3005466CC /* Debug */,
				A59ABF25194913D3005466CC /* Release */,
			);
			defaultConfigurationIsVisible = 0;
			defaultConfigurationName = Release;
		};
		A59ABF26194913D3005466CC /* Build configuration list for PBXNativeTarget "Betable" */ = {
			isa = XCConfigurationList;
			buildConfigurations = (
				A59ABF27194913D3005466CC /* Debug */,
				A59ABF28194913D3005466CC /* Release */,
			);
			defaultConfigurationIsVisible = 0;
			defaultConfigurationName = Release;
		};
/* End XCConfigurationList section */
	};
	rootObject = A59ABF0B194913D3005466CC /* Project object */;
}
